
Microsoft Visual Studio Solution File, Format Version 11.00
# Visual Studio 2010
Project("{FAE04EC0-301F-11D3-BF4B-00C04F79EFBC}") = "Timeshift", "Assembly-CSharp.csproj", "{B6FFC01A-7CAE-C265-4BB1-81115C0AFFF2}"
EndProject
Global
	GlobalSection(SolutionConfigurationPlatforms) = preSolution
		Debug|Any CPU = Debug|Any CPU
		Release|Any CPU = Release|Any CPU
	EndGlobalSection
	GlobalSection(ProjectConfigurationPlatforms) = postSolution
		{B6FFC01A-7CAE-C265-4BB1-81115C0AFFF2}.Debug|Any CPU.ActiveCfg = Debug|Any CPU
		{B6FFC01A-7CAE-C265-4BB1-81115C0AFFF2}.Debug|Any CPU.Build.0 = Debug|Any CPU
		{B6FFC01A-7CAE-C265-4BB1-81115C0AFFF2}.Release|Any CPU.ActiveCfg = Release|Any CPU
		{B6FFC01A-7CAE-C265-4BB1-81115C0AFFF2}.Release|Any CPU.Build.0 = Release|Any CPU
	EndGlobalSection
	GlobalSection(SolutionProperties) = preSolution
		HideSolutionNode = FALSE
	EndGlobalSection
	GlobalSection(MonoDevelopProperties) = preSolution
		StartupItem = Assembly-CSharp.csproj
	EndGlobalSection
EndGlobal
